// !$*UTF8*$!
{
	archiveVersion = 1;
	classes = {
	};
	objectVersion = 77;
	objects = {

/* Begin PBXBuildFile section */
		EE069B392D14C81A0013EDAC /* model in Frameworks */ = {isa = PBXBuildFile; productRef = EEC6F18F2D14C60000597C89 /* model */; };
		EE0C67B22D14AC8400789927 /* featureNote in Resources */ = {isa = PBXBuildFile; fileRef = EE0C67B12D14AC8400789927 /* featureNote */; };
		EEC6F16B2D14BFA400597C89 /* featureNote in Frameworks */ = {isa = PBXBuildFile; productRef = EEC6F16A2D14BFA400597C89 /* featureNote */; };
/* End PBXBuildFile section */

/* Begin PBXContainerItemProxy section */
		EEB8BFC52D135913002A5C7E /* PBXContainerItemProxy */ = {
			isa = PBXContainerItemProxy;
			containerPortal = EEB8BFAC2D135911002A5C7E /* Project object */;
			proxyType = 1;
			remoteGlobalIDString = EEB8BFB32D135911002A5C7E;
			remoteInfo = echolearn;
		};
		EEB8BFCF2D135913002A5C7E /* PBXContainerItemProxy */ = {
			isa = PBXContainerItemProxy;
			containerPortal = EEB8BFAC2D135911002A5C7E /* Project object */;
			proxyType = 1;
			remoteGlobalIDString = EEB8BFB32D135911002A5C7E;
			remoteInfo = echolearn;
		};
/* End PBXContainerItemProxy section */

/* Begin PBXFileReference section */
		EE0C67B12D14AC8400789927 /* featureNote */ = {isa = PBXFileReference; lastKnownFileType = wrapper; path = featureNote; sourceTree = "<group>"; };
		EEB8BFB42D135911002A5C7E /* echolearn.app */ = {isa = PBXFileReference; explicitFileType = wrapper.application; includeInIndex = 0; path = echolearn.app; sourceTree = BUILT_PRODUCTS_DIR; };
		EEB8BFC42D135913002A5C7E /* echolearnTests.xctest */ = {isa = PBXFileReference; explicitFileType = wrapper.cfbundle; includeInIndex = 0; path = echolearnTests.xctest; sourceTree = BUILT_PRODUCTS_DIR; };
		EEB8BFCE2D135913002A5C7E /* echolearnUITests.xctest */ = {isa = PBXFileReference; explicitFileType = wrapper.cfbundle; includeInIndex = 0; path = echolearnUITests.xctest; sourceTree = BUILT_PRODUCTS_DIR; };
		EEC6F1A72D14C7CF00597C89 /* model */ = {isa = PBXFileReference; lastKnownFileType = wrapper; path = model; sourceTree = "<group>"; };
/* End PBXFileReference section */

/* Begin PBXFileSystemSynchronizedRootGroup section */
		EEB8BFB62D135911002A5C7E /* echolearn */ = {
			isa = PBXFileSystemSynchronizedRootGroup;
			path = echolearn;
			sourceTree = "<group>";
		};
		EEB8BFC72D135913002A5C7E /* echolearnTests */ = {
			isa = PBXFileSystemSynchronizedRootGroup;
			path = echolearnTests;
			sourceTree = "<group>";
		};
		EEB8BFD12D135913002A5C7E /* echolearnUITests */ = {
			isa = PBXFileSystemSynchronizedRootGroup;
			path = echolearnUITests;
			sourceTree = "<group>";
		};
/* End PBXFileSystemSynchronizedRootGroup section */

/* Begin PBXFrameworksBuildPhase section */
		EEB8BFB12D135911002A5C7E /* Frameworks */ = {
			isa = PBXFrameworksBuildPhase;
			buildActionMask = 2147483647;
			files = (
				EE069B392D14C81A0013EDAC /* model in Frameworks */,
				EEC6F16B2D14BFA400597C89 /* featureNote in Frameworks */,
			);
			runOnlyForDeploymentPostprocessing = 0;
		};
		EEB8BFC12D135913002A5C7E /* Frameworks */ = {
			isa = PBXFrameworksBuildPhase;
			buildActionMask = 2147483647;
			files = (
			);
			runOnlyForDeploymentPostprocessing = 0;
		};
		EEB8BFCB2D135913002A5C7E /* Frameworks */ = {
			isa = PBXFrameworksBuildPhase;
			buildActionMask = 2147483647;
			files = (
			);
			runOnlyForDeploymentPostprocessing = 0;
		};
/* End PBXFrameworksBuildPhase section */

/* Begin PBXGroup section */
		EEB8BFAB2D135911002A5C7E = {
			isa = PBXGroup;
			children = (
				EEC6F1A72D14C7CF00597C89 /* model */,
				EE0C67B12D14AC8400789927 /* featureNote */,
				EEB8BFB62D135911002A5C7E /* echolearn */,
				EEB8BFC72D135913002A5C7E /* echolearnTests */,
				EEB8BFD12D135913002A5C7E /* echolearnUITests */,
				EEC6F1692D14BFA400597C89 /* Frameworks */,
				EEB8BFB52D135911002A5C7E /* Products */,
			);
			sourceTree = "<group>";
		};
		EEB8BFB52D135911002A5C7E /* Products */ = {
			isa = PBXGroup;
			children = (
				EEB8BFB42D135911002A5C7E /* echolearn.app */,
				EEB8BFC42D135913002A5C7E /* echolearnTests.xctest */,
				EEB8BFCE2D135913002A5C7E /* echolearnUITests.xctest */,
			);
			name = Products;
			sourceTree = "<group>";
		};
		EEC6F1692D14BFA400597C89 /* Frameworks */ = {
			isa = PBXGroup;
			children = (
			);
			name = Frameworks;
			sourceTree = "<group>";
		};
/* End PBXGroup section */

/* Begin PBXNativeTarget section */
		EEB8BFB32D135911002A5C7E /* echolearn */ = {
			isa = PBXNativeTarget;
			buildConfigurationList = EEB8BFD82D135913002A5C7E /* Build configuration list for PBXNativeTarget "echolearn" */;
			buildPhases = (
				EEB8BFB02D135911002A5C7E /* Sources */,
				EEB8BFB12D135911002A5C7E /* Frameworks */,
				EEB8BFB22D135911002A5C7E /* Resources */,
			);
			buildRules = (
			);
			dependencies = (
			);
			fileSystemSynchronizedGroups = (
				EEB8BFB62D135911002A5C7E /* echolearn */,
			);
			name = echolearn;
			packageProductDependencies = (
				EEC6F16A2D14BFA400597C89 /* featureNote */,
				EEC6F18F2D14C60000597C89 /* model */,
			);
			productName = echolearn;
			productReference = EEB8BFB42D135911002A5C7E /* echolearn.app */;
			productType = "com.apple.product-type.application";
		};
		EEB8BFC32D135913002A5C7E /* echolearnTests */ = {
			isa = PBXNativeTarget;
			buildConfigurationList = EEB8BFDB2D135913002A5C7E /* Build configuration list for PBXNativeTarget "echolearnTests" */;
			buildPhases = (
				EEB8BFC02D135913002A5C7E /* Sources */,
				EEB8BFC12D135913002A5C7E /* Frameworks */,
				EEB8BFC22D135913002A5C7E /* Resources */,
			);
			buildRules = (
			);
			dependencies = (
				EEB8BFC62D135913002A5C7E /* PBXTargetDependency */,
			);
			fileSystemSynchronizedGroups = (
				EEB8BFC72D135913002A5C7E /* echolearnTests */,
			);
			name = echolearnTests;
			packageProductDependencies = (
			);
			productName = echolearnTests;
			productReference = EEB8BFC42D135913002A5C7E /* echolearnTests.xctest */;
			productType = "com.apple.product-type.bundle.unit-test";
		};
		EEB8BFCD2D135913002A5C7E /* echolearnUITests */ = {
			isa = PBXNativeTarget;
			buildConfigurationList = EEB8BFDE2D135913002A5C7E /* Build configuration list for PBXNativeTarget "echolearnUITests" */;
			buildPhases = (
				EEB8BFCA2D135913002A5C7E /* Sources */,
				EEB8BFCB2D135913002A5C7E /* Frameworks */,
				EEB8BFCC2D135913002A5C7E /* Resources */,
			);
			buildRules = (
			);
			dependencies = (
				EEB8BFD02D135913002A5C7E /* PBXTargetDependency */,
			);
			fileSystemSynchronizedGroups = (
				EEB8BFD12D135913002A5C7E /* echolearnUITests */,
			);
			name = echolearnUITests;
			packageProductDependencies = (
			);
			productName = echolearnUITests;
			productReference = EEB8BFCE2D135913002A5C7E /* echolearnUITests.xctest */;
			productType = "com.apple.product-type.bundle.ui-testing";
		};
/* End PBXNativeTarget section */

/* Begin PBXProject section */
		EEB8BFAC2D135911002A5C7E /* Project object */ = {
			isa = PBXProject;
			attributes = {
				BuildIndependentTargetsInParallel = 1;
				LastSwiftUpdateCheck = 1620;
				LastUpgradeCheck = 1620;
				TargetAttributes = {
					EEB8BFB32D135911002A5C7E = {
						CreatedOnToolsVersion = 16.2;
					};
					EEB8BFC32D135913002A5C7E = {
						CreatedOnToolsVersion = 16.2;
						TestTargetID = EEB8BFB32D135911002A5C7E;
					};
					EEB8BFCD2D135913002A5C7E = {
						CreatedOnToolsVersion = 16.2;
						TestTargetID = EEB8BFB32D135911002A5C7E;
					};
				};
			};
			buildConfigurationList = EEB8BFAF2D135911002A5C7E /* Build configuration list for PBXProject "echolearn" */;
			developmentRegion = en;
			hasScannedForEncodings = 0;
			knownRegions = (
				en,
				Base,
			);
			mainGroup = EEB8BFAB2D135911002A5C7E;
			minimizedProjectReferenceProxies = 1;
			packageReferences = (
				EE0C67B32D14ACCC00789927 /* XCLocalSwiftPackageReference "featureNote" */,
				EE069B492D14C8E20013EDAC /* XCLocalSwiftPackageReference "model" */,
			);
			preferredProjectObjectVersion = 77;
			productRefGroup = EEB8BFB52D135911002A5C7E /* Products */;
			projectDirPath = "";
			projectRoot = "";
			targets = (
				EEB8BFB32D135911002A5C7E /* echolearn */,
				EEB8BFC32D135913002A5C7E /* echolearnTests */,
				EEB8BFCD2D135913002A5C7E /* echolearnUITests */,
			);
		};
/* End PBXProject section */

/* Begin PBXResourcesBuildPhase section */
		EEB8BFB22D135911002A5C7E /* Resources */ = {
			isa = PBXResourcesBuildPhase;
			buildActionMask = 2147483647;
			files = (
				EE0C67B22D14AC8400789927 /* featureNote in Resources */,
			);
			runOnlyForDeploymentPostprocessing = 0;
		};
		EEB8BFC22D135913002A5C7E /* Resources */ = {
			isa = PBXResourcesBuildPhase;
			buildActionMask = 2147483647;
			files = (
			);
			runOnlyForDeploymentPostprocessing = 0;
		};
		EEB8BFCC2D135913002A5C7E /* Resources */ = {
			isa = PBXResourcesBuildPhase;
			buildActionMask = 2147483647;
			files = (
			);
			runOnlyForDeploymentPostprocessing = 0;
		};
/* End PBXResourcesBuildPhase section */

/* Begin PBXSourcesBuildPhase section */
		EEB8BFB02D135911002A5C7E /* Sources */ = {
			isa = PBXSourcesBuildPhase;
			buildActionMask = 2147483647;
			files = (
			);
			runOnlyForDeploymentPostprocessing = 0;
		};
		EEB8BFC02D135913002A5C7E /* Sources */ = {
			isa = PBXSourcesBuildPhase;
			buildActionMask = 2147483647;
			files = (
			);
			runOnlyForDeploymentPostprocessing = 0;
		};
		EEB8BFCA2D135913002A5C7E /* Sources */ = {
			isa = PBXSourcesBuildPhase;
			buildActionMask = 2147483647;
			files = (
			);
			runOnlyForDeploymentPostprocessing = 0;
		};
/* End PBXSourcesBuildPhase section */

/* Begin PBXTargetDependency section */
		EEB8BFC62D135913002A5C7E /* PBXTargetDependency */ = {
			isa = PBXTargetDependency;
			target = EEB8BFB32D135911002A5C7E /* echolearn */;
			targetProxy = EEB8BFC52D135913002A5C7E /* PBXContainerItemProxy */;
		};
		EEB8BFD02D135913002A5C7E /* PBXTargetDependency */ = {
			isa = PBXTargetDependency;
			target = EEB8BFB32D135911002A5C7E /* echolearn */;
			targetProxy = EEB8BFCF2D135913002A5C7E /* PBXContainerItemProxy */;
		};
/* End PBXTargetDependency section */

/* Begin XCBuildConfiguration section */
		EEB8BFD62D135913002A5C7E /* Debug */ = {
			isa = XCBuildConfiguration;
			buildSettings = {
				ALWAYS_SEARCH_USER_PATHS = NO;
				ASSETCATALOG_COMPILER_GENERATE_SWIFT_ASSET_SYMBOL_EXTENSIONS = YES;
				CLANG_ANALYZER_NONNULL = YES;
				CLANG_ANALYZER_NUMBER_OBJECT_CONVERSION = YES_AGGRESSIVE;
				CLANG_CXX_LANGUAGE_STANDARD = "gnu++20";
				CLANG_ENABLE_MODULES = YES;
				CLANG_ENABLE_OBJC_ARC = YES;
				CLANG_ENABLE_OBJC_WEAK = YES;
				CLANG_WARN_BLOCK_CAPTURE_AUTORELEASING = YES;
				CLANG_WARN_BOOL_CONVERSION = YES;
				CLANG_WARN_COMMA = YES;
				CLANG_WARN_CONSTANT_CONVERSION = YES;
				CLANG_WARN_DEPRECATED_OBJC_IMPLEMENTATIONS = YES;
				CLANG_WARN_DIRECT_OBJC_ISA_USAGE = YES_ERROR;
				CLANG_WARN_DOCUMENTATION_COMMENTS = YES;
				CLANG_WARN_EMPTY_BODY = YES;
				CLANG_WARN_ENUM_CONVERSION = YES;
				CLANG_WARN_INFINITE_RECURSION = YES;
				CLANG_WARN_INT_CONVERSION = YES;
				CLANG_WARN_NON_LITERAL_NULL_CONVERSION = YES;
				CLANG_WARN_OBJC_IMPLICIT_RETAIN_SELF = YES;
				CLANG_WARN_OBJC_LITERAL_CONVERSION = YES;
				CLANG_WARN_OBJC_ROOT_CLASS = YES_ERROR;
				CLANG_WARN_QUOTED_INCLUDE_IN_FRAMEWORK_HEADER = YES;
				CLANG_WARN_RANGE_LOOP_ANALYSIS = YES;
				CLANG_WARN_STRICT_PROTOTYPES = YES;
				CLANG_WARN_SUSPICIOUS_MOVE = YES;
				CLANG_WARN_UNGUARDED_AVAILABILITY = YES_AGGRESSIVE;
				CLANG_WARN_UNREACHABLE_CODE = YES;
				CLANG_WARN__DUPLICATE_METHOD_MATCH = YES;
				COPY_PHASE_STRIP = NO;
				DEBUG_INFORMATION_FORMAT = dwarf;
				ENABLE_STRICT_OBJC_MSGSEND = YES;
				ENABLE_TESTABILITY = YES;
				ENABLE_USER_SCRIPT_SANDBOXING = YES;
				GCC_C_LANGUAGE_STANDARD = gnu17;
				GCC_DYNAMIC_NO_PIC = NO;
				GCC_NO_COMMON_BLOCKS = YES;
				GCC_OPTIMIZATION_LEVEL = 0;
				GCC_PREPROCESSOR_DEFINITIONS = (
					"DEBUG=1",
					"$(inherited)",
				);
				GCC_WARN_64_TO_32_BIT_CONVERSION = YES;
				GCC_WARN_ABOUT_RETURN_TYPE = YES_ERROR;
				GCC_WARN_UNDECLARED_SELECTOR = YES;
				GCC_WARN_UNINITIALIZED_AUTOS = YES_AGGRESSIVE;
				GCC_WARN_UNUSED_FUNCTION = YES;
				GCC_WARN_UNUSED_VARIABLE = YES;
				IPHONEOS_DEPLOYMENT_TARGET = 18.2;
				LOCALIZATION_PREFERS_STRING_CATALOGS = YES;
				MTL_ENABLE_DEBUG_INFO = INCLUDE_SOURCE;
				MTL_FAST_MATH = YES;
				ONLY_ACTIVE_ARCH = YES;
				SDKROOT = iphoneos;
				SWIFT_ACTIVE_COMPILATION_CONDITIONS = "DEBUG $(inherited)";
				SWIFT_OPTIMIZATION_LEVEL = "-Onone";
			};
			name = Debug;
		};
		EEB8BFD72D135913002A5C7E /* Release */ = {
			isa = XCBuildConfiguration;
			buildSettings = {
				ALWAYS_SEARCH_USER_PATHS = NO;
				ASSETCATALOG_COMPILER_GENERATE_SWIFT_ASSET_SYMBOL_EXTENSIONS = YES;
				CLANG_ANALYZER_NONNULL = YES;
				CLANG_ANALYZER_NUMBER_OBJECT_CONVERSION = YES_AGGRESSIVE;
				CLANG_CXX_LANGUAGE_STANDARD = "gnu++20";
				CLANG_ENABLE_MODULES = YES;
				CLANG_ENABLE_OBJC_ARC = YES;
				CLANG_ENABLE_OBJC_WEAK = YES;
				CLANG_WARN_BLOCK_CAPTURE_AUTORELEASING = YES;
				CLANG_WARN_BOOL_CONVERSION = YES;
				CLANG_WARN_COMMA = YES;
				CLANG_WARN_CONSTANT_CONVERSION = YES;
				CLANG_WARN_DEPRECATED_OBJC_IMPLEMENTATIONS = YES;
				CLANG_WARN_DIRECT_OBJC_ISA_USAGE = YES_ERROR;
				CLANG_WARN_DOCUMENTATION_COMMENTS = YES;
				CLANG_WARN_EMPTY_BODY = YES;
				CLANG_WARN_ENUM_CONVERSION = YES;
				CLANG_WARN_INFINITE_RECURSION = YES;
				CLANG_WARN_INT_CONVERSION = YES;
				CLANG_WARN_NON_LITERAL_NULL_CONVERSION = YES;
				CLANG_WARN_OBJC_IMPLICIT_RETAIN_SELF = YES;
				CLANG_WARN_OBJC_LITERAL_CONVERSION = YES;
				CLANG_WARN_OBJC_ROOT_CLASS = YES_ERROR;
				CLANG_WARN_QUOTED_INCLUDE_IN_FRAMEWORK_HEADER = YES;
				CLANG_WARN_RANGE_LOOP_ANALYSIS = YES;
				CLANG_WARN_STRICT_PROTOTYPES = YES;
				CLANG_WARN_SUSPICIOUS_MOVE = YES;
				CLANG_WARN_UNGUARDED_AVAILABILITY = YES_AGGRESSIVE;
				CLANG_WARN_UNREACHABLE_CODE = YES;
				CLANG_WARN__DUPLICATE_METHOD_MATCH = YES;
				COPY_PHASE_STRIP = NO;
				DEBUG_INFORMATION_FORMAT = "dwarf-with-dsym";
				ENABLE_NS_ASSERTIONS = NO;
				ENABLE_STRICT_OBJC_MSGSEND = YES;
				ENABLE_USER_SCRIPT_SANDBOXING = YES;
				GCC_C_LANGUAGE_STANDARD = gnu17;
				GCC_NO_COMMON_BLOCKS = YES;
				GCC_WARN_64_TO_32_BIT_CONVERSION = YES;
				GCC_WARN_ABOUT_RETURN_TYPE = YES_ERROR;
				GCC_WARN_UNDECLARED_SELECTOR = YES;
				GCC_WARN_UNINITIALIZED_AUTOS = YES_AGGRESSIVE;
				GCC_WARN_UNUSED_FUNCTION = YES;
				GCC_WARN_UNUSED_VARIABLE = YES;
				IPHONEOS_DEPLOYMENT_TARGET = 18.2;
				LOCALIZATION_PREFERS_STRING_CATALOGS = YES;
				MTL_ENABLE_DEBUG_INFO = NO;
				MTL_FAST_MATH = YES;
				SDKROOT = iphoneos;
				SWIFT_COMPILATION_MODE = wholemodule;
				VALIDATE_PRODUCT = YES;
			};
			name = Release;
		};
		EEB8BFD92D135913002A5C7E /* Debug */ = {
			isa = XCBuildConfiguration;
			buildSettings = {
				ASSETCATALOG_COMPILER_APPICON_NAME = AppIcon;
				ASSETCATALOG_COMPILER_GLOBAL_ACCENT_COLOR_NAME = AccentColor;
				CODE_SIGN_STYLE = Automatic;
				CURRENT_PROJECT_VERSION = 1;
				DEVELOPMENT_ASSET_PATHS = "\"echolearn/Preview Content\"";
				DEVELOPMENT_TEAM = LTVTSWNAP8;
				ENABLE_PREVIEWS = YES;
				GENERATE_INFOPLIST_FILE = YES;
				INFOPLIST_KEY_UIApplicationSceneManifest_Generation = YES;
				INFOPLIST_KEY_UIApplicationSupportsIndirectInputEvents = YES;
				INFOPLIST_KEY_UILaunchScreen_Generation = YES;
				INFOPLIST_KEY_UISupportedInterfaceOrientations_iPad = "UIInterfaceOrientationPortrait UIInterfaceOrientationPortraitUpsideDown UIInterfaceOrientationLandscapeLeft UIInterfaceOrientationLandscapeRight";
				INFOPLIST_KEY_UISupportedInterfaceOrientations_iPhone = "UIInterfaceOrientationPortrait UIInterfaceOrientationLandscapeLeft UIInterfaceOrientationLandscapeRight";
				IPHONEOS_DEPLOYMENT_TARGET = 15.6;
				LD_RUNPATH_SEARCH_PATHS = (
					"$(inherited)",
					"@executable_path/Frameworks",
				);
				MARKETING_VERSION = 1.0;
				PRODUCT_BUNDLE_IDENTIFIER = michredk.echolearn;
				PRODUCT_NAME = "$(TARGET_NAME)";
				SWIFT_EMIT_LOC_STRINGS = YES;
				SWIFT_VERSION = 5.0;
				TARGETED_DEVICE_FAMILY = "1,2";
			};
			name = Debug;
		};
		EEB8BFDA2D135913002A5C7E /* Release */ = {
			isa = XCBuildConfiguration;
			buildSettings = {
				ASSETCATALOG_COMPILER_APPICON_NAME = AppIcon;
				ASSETCATALOG_COMPILER_GLOBAL_ACCENT_COLOR_NAME = AccentColor;
				CODE_SIGN_STYLE = Automatic;
				CURRENT_PROJECT_VERSION = 1;
				DEVELOPMENT_ASSET_PATHS = "\"echolearn/Preview Content\"";
				DEVELOPMENT_TEAM = LTVTSWNAP8;
				ENABLE_PREVIEWS = YES;
				GENERATE_INFOPLIST_FILE = YES;
				INFOPLIST_KEY_UIApplicationSceneManifest_Generation = YES;
				INFOPLIST_KEY_UIApplicationSupportsIndirectInputEvents = YES;
				INFOPLIST_KEY_UILaunchScreen_Generation = YES;
				INFOPLIST_KEY_UISupportedInterfaceOrientations_iPad = "UIInterfaceOrientationPortrait UIInterfaceOrientationPortraitUpsideDown UIInterfaceOrientationLandscapeLeft UIInterfaceOrientationLandscapeRight";
				INFOPLIST_KEY_UISupportedInterfaceOrientations_iPhone = "UIInterfaceOrientationPortrait UIInterfaceOrientationLandscapeLeft UIInterfaceOrientationLandscapeRight";
				IPHONEOS_DEPLOYMENT_TARGET = 15.6;
				LD_RUNPATH_SEARCH_PATHS = (
					"$(inherited)",
					"@executable_path/Frameworks",
				);
				MARKETING_VERSION = 1.0;
				PRODUCT_BUNDLE_IDENTIFIER = michredk.echolearn;
				PRODUCT_NAME = "$(TARGET_NAME)";
				SWIFT_EMIT_LOC_STRINGS = YES;
				SWIFT_VERSION = 5.0;
				TARGETED_DEVICE_FAMILY = "1,2";
			};
			name = Release;
		};
		EEB8BFDC2D135913002A5C7E /* Debug */ = {
			isa = XCBuildConfiguration;
			buildSettings = {
				BUNDLE_LOADER = "$(TEST_HOST)";
				CODE_SIGN_STYLE = Automatic;
				CURRENT_PROJECT_VERSION = 1;
				DEVELOPMENT_TEAM = LTVTSWNAP8;
				GENERATE_INFOPLIST_FILE = YES;
				IPHONEOS_DEPLOYMENT_TARGET = 18.2;
				MARKETING_VERSION = 1.0;
				PRODUCT_BUNDLE_IDENTIFIER = labcom.echolearnTests;
				PRODUCT_NAME = "$(TARGET_NAME)";
				SWIFT_EMIT_LOC_STRINGS = NO;
				SWIFT_VERSION = 5.0;
				TARGETED_DEVICE_FAMILY = "1,2";
				TEST_HOST = "$(BUILT_PRODUCTS_DIR)/echolearn.app/$(BUNDLE_EXECUTABLE_FOLDER_PATH)/echolearn";
			};
			name = Debug;
		};
		EEB8BFDD2D135913002A5C7E /* Release */ = {
			isa = XCBuildConfiguration;
			buildSettings = {
				BUNDLE_LOADER = "$(TEST_HOST)";
				CODE_SIGN_STYLE = Automatic;
				CURRENT_PROJECT_VERSION = 1;
				DEVELOPMENT_TEAM = LTVTSWNAP8;
				GENERATE_INFOPLIST_FILE = YES;
				IPHONEOS_DEPLOYMENT_TARGET = 18.2;
				MARKETING_VERSION = 1.0;
				PRODUCT_BUNDLE_IDENTIFIER = labcom.echolearnTests;
				PRODUCT_NAME = "$(TARGET_NAME)";
				SWIFT_EMIT_LOC_STRINGS = NO;
				SWIFT_VERSION = 5.0;
				TARGETED_DEVICE_FAMILY = "1,2";
				TEST_HOST = "$(BUILT_PRODUCTS_DIR)/echolearn.app/$(BUNDLE_EXECUTABLE_FOLDER_PATH)/echolearn";
			};
			name = Release;
		};
		EEB8BFDF2D135913002A5C7E /* Debug */ = {
			isa = XCBuildConfiguration;
			buildSettings = {
				CODE_SIGN_STYLE = Automatic;
				CURRENT_PROJECT_VERSION = 1;
				DEVELOPMENT_TEAM = LTVTSWNAP8;
				GENERATE_INFOPLIST_FILE = YES;
				MARKETING_VERSION = 1.0;
				PRODUCT_BUNDLE_IDENTIFIER = labcom.echolearnUITests;
				PRODUCT_NAME = "$(TARGET_NAME)";
				SWIFT_EMIT_LOC_STRINGS = NO;
				SWIFT_VERSION = 5.0;
				TARGETED_DEVICE_FAMILY = "1,2";
				TEST_TARGET_NAME = echolearn;
			};
			name = Debug;
		};
		EEB8BFE02D135913002A5C7E /* Release */ = {
			isa = XCBuildConfiguration;
			buildSettings = {
				CODE_SIGN_STYLE = Automatic;
				CURRENT_PROJECT_VERSION = 1;
				DEVELOPMENT_TEAM = LTVTSWNAP8;
				GENERATE_INFOPLIST_FILE = YES;
				MARKETING_VERSION = 1.0;
				PRODUCT_BUNDLE_IDENTIFIER = labcom.echolearnUITests;
				PRODUCT_NAME = "$(TARGET_NAME)";
				SWIFT_EMIT_LOC_STRINGS = NO;
				SWIFT_VERSION = 5.0;
				TARGETED_DEVICE_FAMILY = "1,2";
				TEST_TARGET_NAME = echolearn;
			};
			name = Release;
		};
/* End XCBuildConfiguration section */

/* Begin XCConfigurationList section */
		EEB8BFAF2D135911002A5C7E /* Build configuration list for PBXProject "echolearn" */ = {
			isa = XCConfigurationList;
			buildConfigurations = (
				EEB8BFD62D135913002A5C7E /* Debug */,
				EEB8BFD72D135913002A5C7E /* Release */,
			);
			defaultConfigurationIsVisible = 0;
			defaultConfigurationName = Release;
		};
		EEB8BFD82D135913002A5C7E /* Build configuration list for PBXNativeTarget "echolearn" */ = {
			isa = XCConfigurationList;
			buildConfigurations = (
				EEB8BFD92D135913002A5C7E /* Debug */,
				EEB8BFDA2D135913002A5C7E /* Release */,
			);
			defaultConfigurationIsVisible = 0;
			defaultConfigurationName = Release;
		};
		EEB8BFDB2D135913002A5C7E /* Build configuration list for PBXNativeTarget "echolearnTests" */ = {
			isa = XCConfigurationList;
			buildConfigurations = (
				EEB8BFDC2D135913002A5C7E /* Debug */,
				EEB8BFDD2D135913002A5C7E /* Release */,
			);
			defaultConfigurationIsVisible = 0;
			defaultConfigurationName = Release;
		};
		EEB8BFDE2D135913002A5C7E /* Build configuration list for PBXNativeTarget "echolearnUITests" */ = {
			isa = XCConfigurationList;
			buildConfigurations = (
				EEB8BFDF2D135913002A5C7E /* Debug */,
				EEB8BFE02D135913002A5C7E /* Release */,
			);
			defaultConfigurationIsVisible = 0;
			defaultConfigurationName = Release;
		};
/* End XCConfigurationList section */

/* Begin XCLocalSwiftPackageReference section */
		EE069B492D14C8E20013EDAC /* XCLocalSwiftPackageReference "model" */ = {
			isa = XCLocalSwiftPackageReference;
			relativePath = model;
		};
		EE0C67B32D14ACCC00789927 /* XCLocalSwiftPackageReference "featureNote" */ = {
			isa = XCLocalSwiftPackageReference;
			relativePath = featureNote;
		};
/* End XCLocalSwiftPackageReference section */

/* Begin XCSwiftPackageProductDependency section */
		EEC6F16A2D14BFA400597C89 /* featureNote */ = {
			isa = XCSwiftPackageProductDependency;
			productName = featureNote;
		};
		EEC6F18F2D14C60000597C89 /* model */ = {
			isa = XCSwiftPackageProductDependency;
			productName = model;
		};
/* End XCSwiftPackageProductDependency section */
	};
	rootObject = EEB8BFAC2D135911002A5C7E /* Project object */;
}
